// !$*UTF8*$!
{
	archiveVersion = 1;
	classes = {
	};
	objectVersion = 55;
	objects = {

/* Begin PBXBuildFile section */
		6109A707279CAE7F001DEF4E /* Localizable.strings in Resources */ = {isa = PBXBuildFile; fileRef = 6109A709279CAE7F001DEF4E /* Localizable.strings */; };
		6109A70C279CAEB4001DEF4E /* LocalizableUtil.swift in Sources */ = {isa = PBXBuildFile; fileRef = 6109A70B279CAEB4001DEF4E /* LocalizableUtil.swift */; };
		616E59FE279C121C00533FB4 /* AppDelegate.swift in Sources */ = {isa = PBXBuildFile; fileRef = 616E59FD279C121C00533FB4 /* AppDelegate.swift */; };
		616E5A00279C121C00533FB4 /* SceneDelegate.swift in Sources */ = {isa = PBXBuildFile; fileRef = 616E59FF279C121C00533FB4 /* SceneDelegate.swift */; };
		616E5A02279C121C00533FB4 /* ViewController.swift in Sources */ = {isa = PBXBuildFile; fileRef = 616E5A01279C121C00533FB4 /* ViewController.swift */; };
		616E5A05279C121C00533FB4 /* Main.storyboard in Resources */ = {isa = PBXBuildFile; fileRef = 616E5A03279C121C00533FB4 /* Main.storyboard */; };
		616E5A07279C121D00533FB4 /* Assets.xcassets in Resources */ = {isa = PBXBuildFile; fileRef = 616E5A06279C121D00533FB4 /* Assets.xcassets */; };
		616E5A0A279C121D00533FB4 /* LaunchScreen.storyboard in Resources */ = {isa = PBXBuildFile; fileRef = 616E5A08279C121D00533FB4 /* LaunchScreen.storyboard */; };
		616E5A13279C13D700533FB4 /* WeatherResponseDataModel.swift in Sources */ = {isa = PBXBuildFile; fileRef = 616E5A12279C13D700533FB4 /* WeatherResponseDataModel.swift */; };
		616E5A15279C145A00533FB4 /* WeatherDataMapper.swift in Sources */ = {isa = PBXBuildFile; fileRef = 616E5A14279C145A00533FB4 /* WeatherDataMapper.swift */; };
		616E5A17279C147E00533FB4 /* WeatherModel.swift in Sources */ = {isa = PBXBuildFile; fileRef = 616E5A16279C147E00533FB4 /* WeatherModel.swift */; };
		616E5A1A279C25D000533FB4 /* WeatherController.swift in Sources */ = {isa = PBXBuildFile; fileRef = 616E5A19279C25D000533FB4 /* WeatherController.swift */; };
		616E5A1E279C6BAB00533FB4 /* MenuViewController.swift in Sources */ = {isa = PBXBuildFile; fileRef = 616E5A1D279C6BAB00533FB4 /* MenuViewController.swift */; };
		616E5A22279C6EF600533FB4 /* MenuModel.swift in Sources */ = {isa = PBXBuildFile; fileRef = 616E5A21279C6EF600533FB4 /* MenuModel.swift */; };
		616E5A24279C6F1E00533FB4 /* CustomMenuCell.swift in Sources */ = {isa = PBXBuildFile; fileRef = 616E5A23279C6F1E00533FB4 /* CustomMenuCell.swift */; };
		616E5A26279C6F7100533FB4 /* CustomMenuCell.xib in Resources */ = {isa = PBXBuildFile; fileRef = 616E5A25279C6F7100533FB4 /* CustomMenuCell.xib */; };
		D68F62B4541EBE02F962DDE4 /* Pods_Weather.framework in Frameworks */ = {isa = PBXBuildFile; fileRef = 2FE873CEE9175C9500549CCF /* Pods_Weather.framework */; };
/* End PBXBuildFile section */

/* Begin PBXFileReference section */
		1D09424F930BDBA7C95D167C /* Pods-Weather.debug.xcconfig */ = {isa = PBXFileReference; includeInIndex = 1; lastKnownFileType = text.xcconfig; name = "Pods-Weather.debug.xcconfig"; path = "Target Support Files/Pods-Weather/Pods-Weather.debug.xcconfig"; sourceTree = "<group>"; };
		2FE873CEE9175C9500549CCF /* Pods_Weather.framework */ = {isa = PBXFileReference; explicitFileType = wrapper.framework; includeInIndex = 0; path = Pods_Weather.framework; sourceTree = BUILT_PRODUCTS_DIR; };
		6109A708279CAE7F001DEF4E /* en */ = {isa = PBXFileReference; lastKnownFileType = text.plist.strings; name = en; path = en.lproj/Localizable.strings; sourceTree = "<group>"; };
		6109A70A279CAE82001DEF4E /* es */ = {isa = PBXFileReference; lastKnownFileType = text.plist.strings; name = es; path = es.lproj/Localizable.strings; sourceTree = "<group>"; };
		6109A70B279CAEB4001DEF4E /* LocalizableUtil.swift */ = {isa = PBXFileReference; lastKnownFileType = sourcecode.swift; path = LocalizableUtil.swift; sourceTree = "<group>"; };
		616E59FA279C121C00533FB4 /* Weather.app */ = {isa = PBXFileReference; explicitFileType = wrapper.application; includeInIndex = 0; path = Weather.app; sourceTree = BUILT_PRODUCTS_DIR; };
		616E59FD279C121C00533FB4 /* AppDelegate.swift */ = {isa = PBXFileReference; lastKnownFileType = sourcecode.swift; path = AppDelegate.swift; sourceTree = "<group>"; };
		616E59FF279C121C00533FB4 /* SceneDelegate.swift */ = {isa = PBXFileReference; lastKnownFileType = sourcecode.swift; path = SceneDelegate.swift; sourceTree = "<group>"; };
		616E5A01279C121C00533FB4 /* ViewController.swift */ = {isa = PBXFileReference; lastKnownFileType = sourcecode.swift; path = ViewController.swift; sourceTree = "<group>"; };
		616E5A04279C121C00533FB4 /* Base */ = {isa = PBXFileReference; lastKnownFileType = file.storyboard; name = Base; path = Base.lproj/Main.storyboard; sourceTree = "<group>"; };
		616E5A06279C121D00533FB4 /* Assets.xcassets */ = {isa = PBXFileReference; lastKnownFileType = folder.assetcatalog; path = Assets.xcassets; sourceTree = "<group>"; };
		616E5A09279C121D00533FB4 /* Base */ = {isa = PBXFileReference; lastKnownFileType = file.storyboard; name = Base; path = Base.lproj/LaunchScreen.storyboard; sourceTree = "<group>"; };
		616E5A0B279C121D00533FB4 /* Info.plist */ = {isa = PBXFileReference; lastKnownFileType = text.plist.xml; path = Info.plist; sourceTree = "<group>"; };
		616E5A12279C13D700533FB4 /* WeatherResponseDataModel.swift */ = {isa = PBXFileReference; lastKnownFileType = sourcecode.swift; path = WeatherResponseDataModel.swift; sourceTree = "<group>"; };
		616E5A14279C145A00533FB4 /* WeatherDataMapper.swift */ = {isa = PBXFileReference; lastKnownFileType = sourcecode.swift; path = WeatherDataMapper.swift; sourceTree = "<group>"; };
		616E5A16279C147E00533FB4 /* WeatherModel.swift */ = {isa = PBXFileReference; lastKnownFileType = sourcecode.swift; path = WeatherModel.swift; sourceTree = "<group>"; };
		616E5A19279C25D000533FB4 /* WeatherController.swift */ = {isa = PBXFileReference; lastKnownFileType = sourcecode.swift; path = WeatherController.swift; sourceTree = "<group>"; };
		616E5A1D279C6BAB00533FB4 /* MenuViewController.swift */ = {isa = PBXFileReference; lastKnownFileType = sourcecode.swift; path = MenuViewController.swift; sourceTree = "<group>"; };
		616E5A21279C6EF600533FB4 /* MenuModel.swift */ = {isa = PBXFileReference; lastKnownFileType = sourcecode.swift; path = MenuModel.swift; sourceTree = "<group>"; };
		616E5A23279C6F1E00533FB4 /* CustomMenuCell.swift */ = {isa = PBXFileReference; lastKnownFileType = sourcecode.swift; path = CustomMenuCell.swift; sourceTree = "<group>"; };
		616E5A25279C6F7100533FB4 /* CustomMenuCell.xib */ = {isa = PBXFileReference; lastKnownFileType = file.xib; path = CustomMenuCell.xib; sourceTree = "<group>"; };
		6FF9FF81CF2F9264F1520D1E /* Pods-Weather.release.xcconfig */ = {isa = PBXFileReference; includeInIndex = 1; lastKnownFileType = text.xcconfig; name = "Pods-Weather.release.xcconfig"; path = "Target Support Files/Pods-Weather/Pods-Weather.release.xcconfig"; sourceTree = "<group>"; };
/* End PBXFileReference section */

/* Begin PBXFrameworksBuildPhase section */
		616E59F7279C121C00533FB4 /* Frameworks */ = {
			isa = PBXFrameworksBuildPhase;
			buildActionMask = 2147483647;
			files = (
				D68F62B4541EBE02F962DDE4 /* Pods_Weather.framework in Frameworks */,
			);
			runOnlyForDeploymentPostprocessing = 0;
		};
/* End PBXFrameworksBuildPhase section */

/* Begin PBXGroup section */
		43011781B77BF2DD2B6D23DA /* Frameworks */ = {
			isa = PBXGroup;
			children = (
				2FE873CEE9175C9500549CCF /* Pods_Weather.framework */,
			);
			name = Frameworks;
			sourceTree = "<group>";
		};
		6109A704279CAE66001DEF4E /* Localizable */ = {
			isa = PBXGroup;
			children = (
				6109A709279CAE7F001DEF4E /* Localizable.strings */,
				6109A70B279CAEB4001DEF4E /* LocalizableUtil.swift */,
			);
			path = Localizable;
			sourceTree = "<group>";
		};
		616E59F1279C121C00533FB4 = {
			isa = PBXGroup;
			children = (
				616E59FC279C121C00533FB4 /* Weather */,
				616E59FB279C121C00533FB4 /* Products */,
				79BDA8F42021783A75BE08B7 /* Pods */,
				43011781B77BF2DD2B6D23DA /* Frameworks */,
			);
			sourceTree = "<group>";
		};
		616E59FB279C121C00533FB4 /* Products */ = {
			isa = PBXGroup;
			children = (
				616E59FA279C121C00533FB4 /* Weather.app */,
			);
			name = Products;
			sourceTree = "<group>";
		};
		616E59FC279C121C00533FB4 /* Weather */ = {
			isa = PBXGroup;
			children = (
				6109A704279CAE66001DEF4E /* Localizable */,
				616E5A1B279C6B9900533FB4 /* Menu */,
				616E5A18279C166200533FB4 /* DataManagers */,
				616E59FD279C121C00533FB4 /* AppDelegate.swift */,
				616E59FF279C121C00533FB4 /* SceneDelegate.swift */,
				616E5A01279C121C00533FB4 /* ViewController.swift */,
				616E5A03279C121C00533FB4 /* Main.storyboard */,
				616E5A06279C121D00533FB4 /* Assets.xcassets */,
				616E5A08279C121D00533FB4 /* LaunchScreen.storyboard */,
				616E5A0B279C121D00533FB4 /* Info.plist */,
			);
			path = Weather;
			sourceTree = "<group>";
		};
		616E5A11279C126600533FB4 /* API */ = {
			isa = PBXGroup;
			children = (
				616E5A12279C13D700533FB4 /* WeatherResponseDataModel.swift */,
				616E5A14279C145A00533FB4 /* WeatherDataMapper.swift */,
				616E5A16279C147E00533FB4 /* WeatherModel.swift */,
				616E5A19279C25D000533FB4 /* WeatherController.swift */,
			);
			path = API;
			sourceTree = "<group>";
		};
		616E5A18279C166200533FB4 /* DataManagers */ = {
			isa = PBXGroup;
			children = (
				616E5A11279C126600533FB4 /* API */,
			);
			path = DataManagers;
			sourceTree = "<group>";
		};
		616E5A1B279C6B9900533FB4 /* Menu */ = {
			isa = PBXGroup;
			children = (
				616E5A20279C6CC900533FB4 /* Cell */,
				616E5A1F279C6CC400533FB4 /* Model */,
				616E5A1C279C6B9F00533FB4 /* Controller */,
			);
			path = Menu;
			sourceTree = "<group>";
		};
		616E5A1C279C6B9F00533FB4 /* Controller */ = {
			isa = PBXGroup;
			children = (
				616E5A1D279C6BAB00533FB4 /* MenuViewController.swift */,
			);
			path = Controller;
			sourceTree = "<group>";
		};
		616E5A1F279C6CC400533FB4 /* Model */ = {
			isa = PBXGroup;
			children = (
				616E5A21279C6EF600533FB4 /* MenuModel.swift */,
			);
			path = Model;
			sourceTree = "<group>";
		};
		616E5A20279C6CC900533FB4 /* Cell */ = {
			isa = PBXGroup;
			children = (
				616E5A23279C6F1E00533FB4 /* CustomMenuCell.swift */,
				616E5A25279C6F7100533FB4 /* CustomMenuCell.xib */,
			);
			path = Cell;
			sourceTree = "<group>";
		};
		79BDA8F42021783A75BE08B7 /* Pods */ = {
			isa = PBXGroup;
			children = (
				1D09424F930BDBA7C95D167C /* Pods-Weather.debug.xcconfig */,
				6FF9FF81CF2F9264F1520D1E /* Pods-Weather.release.xcconfig */,
			);
			path = Pods;
			sourceTree = "<group>";
		};
/* End PBXGroup section */

/* Begin PBXNativeTarget section */
		616E59F9279C121C00533FB4 /* Weather */ = {
			isa = PBXNativeTarget;
			buildConfigurationList = 616E5A0E279C121D00533FB4 /* Build configuration list for PBXNativeTarget "Weather" */;
			buildPhases = (
				51B07F299974D2B639EB7B85 /* [CP] Check Pods Manifest.lock */,
				616E59F6279C121C00533FB4 /* Sources */,
				616E59F7279C121C00533FB4 /* Frameworks */,
				616E59F8279C121C00533FB4 /* Resources */,
				32C1633B67DB46BECB835364 /* [CP] Embed Pods Frameworks */,
			);
			buildRules = (
			);
			dependencies = (
			);
			name = Weather;
			productName = Weather;
			productReference = 616E59FA279C121C00533FB4 /* Weather.app */;
			productType = "com.apple.product-type.application";
		};
/* End PBXNativeTarget section */

/* Begin PBXProject section */
		616E59F2279C121C00533FB4 /* Project object */ = {
			isa = PBXProject;
			attributes = {
				BuildIndependentTargetsInParallel = 1;
				LastSwiftUpdateCheck = 1320;
				LastUpgradeCheck = 1320;
				TargetAttributes = {
					616E59F9279C121C00533FB4 = {
						CreatedOnToolsVersion = 13.2.1;
					};
				};
			};
			buildConfigurationList = 616E59F5279C121C00533FB4 /* Build configuration list for PBXProject "Weather" */;
			compatibilityVersion = "Xcode 13.0";
			developmentRegion = en;
			hasScannedForEncodings = 0;
			knownRegions = (
				en,
				Base,
				es,
			);
			mainGroup = 616E59F1279C121C00533FB4;
			productRefGroup = 616E59FB279C121C00533FB4 /* Products */;
			projectDirPath = "";
			projectRoot = "";
			targets = (
				616E59F9279C121C00533FB4 /* Weather */,
			);
		};
/* End PBXProject section */

/* Begin PBXResourcesBuildPhase section */
		616E59F8279C121C00533FB4 /* Resources */ = {
			isa = PBXResourcesBuildPhase;
			buildActionMask = 2147483647;
			files = (
				6109A707279CAE7F001DEF4E /* Localizable.strings in Resources */,
				616E5A0A279C121D00533FB4 /* LaunchScreen.storyboard in Resources */,
				616E5A07279C121D00533FB4 /* Assets.xcassets in Resources */,
				616E5A05279C121C00533FB4 /* Main.storyboard in Resources */,
				616E5A26279C6F7100533FB4 /* CustomMenuCell.xib in Resources */,
			);
			runOnlyForDeploymentPostprocessing = 0;
		};
/* End PBXResourcesBuildPhase section */

/* Begin PBXShellScriptBuildPhase section */
		32C1633B67DB46BECB835364 /* [CP] Embed Pods Frameworks */ = {
			isa = PBXShellScriptBuildPhase;
			buildActionMask = 2147483647;
			files = (
			);
			inputFileListPaths = (
				"${PODS_ROOT}/Target Support Files/Pods-Weather/Pods-Weather-frameworks-${CONFIGURATION}-input-files.xcfilelist",
			);
			name = "[CP] Embed Pods Frameworks";
			outputFileListPaths = (
				"${PODS_ROOT}/Target Support Files/Pods-Weather/Pods-Weather-frameworks-${CONFIGURATION}-output-files.xcfilelist",
			);
			runOnlyForDeploymentPostprocessing = 0;
			shellPath = /bin/sh;
			shellScript = "\"${PODS_ROOT}/Target Support Files/Pods-Weather/Pods-Weather-frameworks.sh\"\n";
			showEnvVarsInLog = 0;
		};
		51B07F299974D2B639EB7B85 /* [CP] Check Pods Manifest.lock */ = {
			isa = PBXShellScriptBuildPhase;
			buildActionMask = 2147483647;
			files = (
			);
			inputFileListPaths = (
			);
			inputPaths = (
				"${PODS_PODFILE_DIR_PATH}/Podfile.lock",
				"${PODS_ROOT}/Manifest.lock",
			);
			name = "[CP] Check Pods Manifest.lock";
			outputFileListPaths = (
			);
			outputPaths = (
				"$(DERIVED_FILE_DIR)/Pods-Weather-checkManifestLockResult.txt",
			);
			runOnlyForDeploymentPostprocessing = 0;
			shellPath = /bin/sh;
			shellScript = "diff \"${PODS_PODFILE_DIR_PATH}/Podfile.lock\" \"${PODS_ROOT}/Manifest.lock\" > /dev/null\nif [ $? != 0 ] ; then\n    # print error to STDERR\n    echo \"error: The sandbox is not in sync with the Podfile.lock. Run 'pod install' or update your CocoaPods installation.\" >&2\n    exit 1\nfi\n# This output is used by Xcode 'outputs' to avoid re-running this script phase.\necho \"SUCCESS\" > \"${SCRIPT_OUTPUT_FILE_0}\"\n";
			showEnvVarsInLog = 0;
		};
/* End PBXShellScriptBuildPhase section */

/* Begin PBXSourcesBuildPhase section */
		616E59F6279C121C00533FB4 /* Sources */ = {
			isa = PBXSourcesBuildPhase;
			buildActionMask = 2147483647;
			files = (
				616E5A1E279C6BAB00533FB4 /* MenuViewController.swift in Sources */,
				616E5A24279C6F1E00533FB4 /* CustomMenuCell.swift in Sources */,
				616E5A02279C121C00533FB4 /* ViewController.swift in Sources */,
				616E5A15279C145A00533FB4 /* WeatherDataMapper.swift in Sources */,
				616E59FE279C121C00533FB4 /* AppDelegate.swift in Sources */,
				616E5A22279C6EF600533FB4 /* MenuModel.swift in Sources */,
				616E5A00279C121C00533FB4 /* SceneDelegate.swift in Sources */,
				616E5A17279C147E00533FB4 /* WeatherModel.swift in Sources */,
				6109A70C279CAEB4001DEF4E /* LocalizableUtil.swift in Sources */,
				616E5A1A279C25D000533FB4 /* WeatherController.swift in Sources */,
				616E5A13279C13D700533FB4 /* WeatherResponseDataModel.swift in Sources */,
			);
			runOnlyForDeploymentPostprocessing = 0;
		};
/* End PBXSourcesBuildPhase section */

/* Begin PBXVariantGroup section */
		6109A709279CAE7F001DEF4E /* Localizable.strings */ = {
			isa = PBXVariantGroup;
			children = (
				6109A708279CAE7F001DEF4E /* en */,
				6109A70A279CAE82001DEF4E /* es */,
			);
			name = Localizable.strings;
			sourceTree = "<group>";
		};
		616E5A03279C121C00533FB4 /* Main.storyboard */ = {
			isa = PBXVariantGroup;
			children = (
				616E5A04279C121C00533FB4 /* Base */,
			);
			name = Main.storyboard;
			sourceTree = "<group>";
		};
		616E5A08279C121D00533FB4 /* LaunchScreen.storyboard */ = {
			isa = PBXVariantGroup;
			children = (
				616E5A09279C121D00533FB4 /* Base */,
			);
			name = LaunchScreen.storyboard;
			sourceTree = "<group>";
		};
/* End PBXVariantGroup section */

/* Begin XCBuildConfiguration section */
		616E5A0C279C121D00533FB4 /* Debug */ = {
			isa = XCBuildConfiguration;
			buildSettings = {
				ALWAYS_SEARCH_USER_PATHS = NO;
				CLANG_ANALYZER_LOCALIZABILITY_NONLOCALIZED = YES;
				CLANG_ANALYZER_NONNULL = YES;
				CLANG_ANALYZER_NUMBER_OBJECT_CONVERSION = YES_AGGRESSIVE;
				CLANG_CXX_LANGUAGE_STANDARD = "gnu++17";
				CLANG_CXX_LIBRARY = "libc++";
				CLANG_ENABLE_MODULES = YES;
				CLANG_ENABLE_OBJC_ARC = YES;
				CLANG_ENABLE_OBJC_WEAK = YES;
				CLANG_WARN_BLOCK_CAPTURE_AUTORELEASING = YES;
				CLANG_WARN_BOOL_CONVERSION = YES;
				CLANG_WARN_COMMA = YES;
				CLANG_WARN_CONSTANT_CONVERSION = YES;
				CLANG_WARN_DEPRECATED_OBJC_IMPLEMENTATIONS = YES;
				CLANG_WARN_DIRECT_OBJC_ISA_USAGE = YES_ERROR;
				CLANG_WARN_DOCUMENTATION_COMMENTS = YES;
				CLANG_WARN_EMPTY_BODY = YES;
				CLANG_WARN_ENUM_CONVERSION = YES;
				CLANG_WARN_INFINITE_RECURSION = YES;
				CLANG_WARN_INT_CONVERSION = YES;
				CLANG_WARN_NON_LITERAL_NULL_CONVERSION = YES;
				CLANG_WARN_OBJC_IMPLICIT_RETAIN_SELF = YES;
				CLANG_WARN_OBJC_LITERAL_CONVERSION = YES;
				CLANG_WARN_OBJC_ROOT_CLASS = YES_ERROR;
				CLANG_WARN_QUOTED_INCLUDE_IN_FRAMEWORK_HEADER = YES;
				CLANG_WARN_RANGE_LOOP_ANALYSIS = YES;
				CLANG_WARN_STRICT_PROTOTYPES = YES;
				CLANG_WARN_SUSPICIOUS_MOVE = YES;
				CLANG_WARN_UNGUARDED_AVAILABILITY = YES_AGGRESSIVE;
				CLANG_WARN_UNREACHABLE_CODE = YES;
				CLANG_WARN__DUPLICATE_METHOD_MATCH = YES;
				COPY_PHASE_STRIP = NO;
				DEBUG_INFORMATION_FORMAT = dwarf;
				ENABLE_STRICT_OBJC_MSGSEND = YES;
				ENABLE_TESTABILITY = YES;
				GCC_C_LANGUAGE_STANDARD = gnu11;
				GCC_DYNAMIC_NO_PIC = NO;
				GCC_NO_COMMON_BLOCKS = YES;
				GCC_OPTIMIZATION_LEVEL = 0;
				GCC_PREPROCESSOR_DEFINITIONS = (
					"DEBUG=1",
					"$(inherited)",
				);
				GCC_WARN_64_TO_32_BIT_CONVERSION = YES;
				GCC_WARN_ABOUT_RETURN_TYPE = YES_ERROR;
				GCC_WARN_UNDECLARED_SELECTOR = YES;
				GCC_WARN_UNINITIALIZED_AUTOS = YES_AGGRESSIVE;
				GCC_WARN_UNUSED_FUNCTION = YES;
				GCC_WARN_UNUSED_VARIABLE = YES;
				IPHONEOS_DEPLOYMENT_TARGET = 15.2;
				MTL_ENABLE_DEBUG_INFO = INCLUDE_SOURCE;
				MTL_FAST_MATH = YES;
				ONLY_ACTIVE_ARCH = YES;
				SDKROOT = iphoneos;
				SWIFT_ACTIVE_COMPILATION_CONDITIONS = DEBUG;
				SWIFT_OPTIMIZATION_LEVEL = "-Onone";
			};
			name = Debug;
		};
		616E5A0D279C121D00533FB4 /* Release */ = {
			isa = XCBuildConfiguration;
			buildSettings = {
				ALWAYS_SEARCH_USER_PATHS = NO;
				CLANG_ANALYZER_LOCALIZABILITY_NONLOCALIZED = YES;
				CLANG_ANALYZER_NONNULL = YES;
				CLANG_ANALYZER_NUMBER_OBJECT_CONVERSION = YES_AGGRESSIVE;
				CLANG_CXX_LANGUAGE_STANDARD = "gnu++17";
				CLANG_CXX_LIBRARY = "libc++";
				CLANG_ENABLE_MODULES = YES;
				CLANG_ENABLE_OBJC_ARC = YES;
				CLANG_ENABLE_OBJC_WEAK = YES;
				CLANG_WARN_BLOCK_CAPTURE_AUTORELEASING = YES;
				CLANG_WARN_BOOL_CONVERSION = YES;
				CLANG_WARN_COMMA = YES;
				CLANG_WARN_CONSTANT_CONVERSION = YES;
				CLANG_WARN_DEPRECATED_OBJC_IMPLEMENTATIONS = YES;
				CLANG_WARN_DIRECT_OBJC_ISA_USAGE = YES_ERROR;
				CLANG_WARN_DOCUMENTATION_COMMENTS = YES;
				CLANG_WARN_EMPTY_BODY = YES;
				CLANG_WARN_ENUM_CONVERSION = YES;
				CLANG_WARN_INFINITE_RECURSION = YES;
				CLANG_WARN_INT_CONVERSION = YES;
				CLANG_WARN_NON_LITERAL_NULL_CONVERSION = YES;
				CLANG_WARN_OBJC_IMPLICIT_RETAIN_SELF = YES;
				CLANG_WARN_OBJC_LITERAL_CONVERSION = YES;
				CLANG_WARN_OBJC_ROOT_CLASS = YES_ERROR;
				CLANG_WARN_QUOTED_INCLUDE_IN_FRAMEWORK_HEADER = YES;
				CLANG_WARN_RANGE_LOOP_ANALYSIS = YES;
				CLANG_WARN_STRICT_PROTOTYPES = YES;
				CLANG_WARN_SUSPICIOUS_MOVE = YES;
				CLANG_WARN_UNGUARDED_AVAILABILITY = YES_AGGRESSIVE;
				CLANG_WARN_UNREACHABLE_CODE = YES;
				CLANG_WARN__DUPLICATE_METHOD_MATCH = YES;
				COPY_PHASE_STRIP = NO;
				DEBUG_INFORMATION_FORMAT = "dwarf-with-dsym";
				ENABLE_NS_ASSERTIONS = NO;
				ENABLE_STRICT_OBJC_MSGSEND = YES;
				GCC_C_LANGUAGE_STANDARD = gnu11;
				GCC_NO_COMMON_BLOCKS = YES;
				GCC_WARN_64_TO_32_BIT_CONVERSION = YES;
				GCC_WARN_ABOUT_RETURN_TYPE = YES_ERROR;
				GCC_WARN_UNDECLARED_SELECTOR = YES;
				GCC_WARN_UNINITIALIZED_AUTOS = YES_AGGRESSIVE;
				GCC_WARN_UNUSED_FUNCTION = YES;
				GCC_WARN_UNUSED_VARIABLE = YES;
				IPHONEOS_DEPLOYMENT_TARGET = 15.2;
				MTL_ENABLE_DEBUG_INFO = NO;
				MTL_FAST_MATH = YES;
				SDKROOT = iphoneos;
				SWIFT_COMPILATION_MODE = wholemodule;
				SWIFT_OPTIMIZATION_LEVEL = "-O";
				VALIDATE_PRODUCT = YES;
			};
			name = Release;
		};
		616E5A0F279C121D00533FB4 /* Debug */ = {
			isa = XCBuildConfiguration;
			baseConfigurationReference = 1D09424F930BDBA7C95D167C /* Pods-Weather.debug.xcconfig */;
			buildSettings = {
				ASSETCATALOG_COMPILER_APPICON_NAME = AppIcon;
				ASSETCATALOG_COMPILER_GLOBAL_ACCENT_COLOR_NAME = AccentColor;
				CODE_SIGN_STYLE = Automatic;
				CURRENT_PROJECT_VERSION = 1;
				GENERATE_INFOPLIST_FILE = YES;
				INFOPLIST_FILE = Weather/Info.plist;
				INFOPLIST_KEY_UIApplicationSupportsIndirectInputEvents = YES;
				INFOPLIST_KEY_UILaunchStoryboardName = LaunchScreen;
				INFOPLIST_KEY_UIMainStoryboardFile = Main;
				INFOPLIST_KEY_UISupportedInterfaceOrientations_iPad = "UIInterfaceOrientationPortrait UIInterfaceOrientationPortraitUpsideDown UIInterfaceOrientationLandscapeLeft UIInterfaceOrientationLandscapeRight";
				INFOPLIST_KEY_UISupportedInterfaceOrientations_iPhone = "UIInterfaceOrientationPortrait UIInterfaceOrientationLandscapeLeft UIInterfaceOrientationLandscapeRight";
				LD_RUNPATH_SEARCH_PATHS = (
					"$(inherited)",
					"@executable_path/Frameworks",
				);
				MARKETING_VERSION = 1.0;
				PRODUCT_BUNDLE_IDENTIFIER = cnagar.Weather;
				PRODUCT_NAME = "$(TARGET_NAME)";
				SWIFT_EMIT_LOC_STRINGS = YES;
				SWIFT_VERSION = 5.0;
				TARGETED_DEVICE_FAMILY = "1,2";
			};
			name = Debug;
		};
		616E5A10279C121D00533FB4 /* Release */ = {
			isa = XCBuildConfiguration;
			baseConfigurationReference = 6FF9FF81CF2F9264F1520D1E /* Pods-Weather.release.xcconfig */;
			buildSettings = {
				ASSETCATALOG_COMPILER_APPICON_NAME = AppIcon;
				ASSETCATALOG_COMPILER_GLOBAL_ACCENT_COLOR_NAME = AccentColor;
				CODE_SIGN_STYLE = Automatic;
				CURRENT_PROJECT_VERSION = 1;
				GENERATE_INFOPLIST_FILE = YES;
				INFOPLIST_FILE = Weather/Info.plist;
				INFOPLIST_KEY_UIApplicationSupportsIndirectInputEvents = YES;
				INFOPLIST_KEY_UILaunchStoryboardName = LaunchScreen;
				INFOPLIST_KEY_UIMainStoryboardFile = Main;
				INFOPLIST_KEY_UISupportedInterfaceOrientations_iPad = "UIInterfaceOrientationPortrait UIInterfaceOrientationPortraitUpsideDown UIInterfaceOrientationLandscapeLeft UIInterfaceOrientationLandscapeRight";
				INFOPLIST_KEY_UISupportedInterfaceOrientations_iPhone = "UIInterfaceOrientationPortrait UIInterfaceOrientationLandscapeLeft UIInterfaceOrientationLandscapeRight";
				LD_RUNPATH_SEARCH_PATHS = (
					"$(inherited)",
					"@executable_path/Frameworks",
				);
				MARKETING_VERSION = 1.0;
				PRODUCT_BUNDLE_IDENTIFIER = cnagar.Weather;
				PRODUCT_NAME = "$(TARGET_NAME)";
				SWIFT_EMIT_LOC_STRINGS = YES;
				SWIFT_VERSION = 5.0;
				TARGETED_DEVICE_FAMILY = "1,2";
			};
			name = Release;
		};
/* End XCBuildConfiguration section */

/* Begin XCConfigurationList section */
		616E59F5279C121C00533FB4 /* Build configuration list for PBXProject "Weather" */ = {
			isa = XCConfigurationList;
			buildConfigurations = (
				616E5A0C279C121D00533FB4 /* Debug */,
				616E5A0D279C121D00533FB4 /* Release */,
			);
			defaultConfigurationIsVisible = 0;
			defaultConfigurationName = Release;
		};
		616E5A0E279C121D00533FB4 /* Build configuration list for PBXNativeTarget "Weather" */ = {
			isa = XCConfigurationList;
			buildConfigurations = (
				616E5A0F279C121D00533FB4 /* Debug */,
				616E5A10279C121D00533FB4 /* Release */,
			);
			defaultConfigurationIsVisible = 0;
			defaultConfigurationName = Release;
		};
/* End XCConfigurationList section */
	};
	rootObject = 616E59F2279C121C00533FB4 /* Project object */;
}
